
Microsoft Visual Studio Solution File, Format Version 12.00
# Visual Studio Version 17
VisualStudioVersion = 17.5.33530.505
MinimumVisualStudioVersion = 10.0.40219.1
Project("{FAE04EC0-301F-11D3-BF4B-00C04F79EFBC}") = "Trabai", "Trabai.csproj", "{8A87CFF6-570A-43FC-86CF-91FA2A7F2DC6}"
EndProject
Global
	GlobalSection(SolutionConfigurationPlatforms) = preSolution
		Debug|Any CPU = Debug|Any CPU
		Release|Any CPU = Release|Any CPU
	EndGlobalSection
	GlobalSection(ProjectConfigurationPlatforms) = postSolution
		{8A87CFF6-570A-43FC-86CF-91FA2A7F2DC6}.Debug|Any CPU.ActiveCfg = Debug|Any CPU
		{8A87CFF6-570A-43FC-86CF-91FA2A7F2DC6}.Debug|Any CPU.Build.0 = Debug|Any CPU
		{8A87CFF6-570A-43FC-86CF-91FA2A7F2DC6}.Release|Any CPU.ActiveCfg = Release|Any CPU
		{8A87CFF6-570A-43FC-86CF-91FA2A7F2DC6}.Release|Any CPU.Build.0 = Release|Any CPU
	EndGlobalSection
	GlobalSection(SolutionProperties) = preSolution
		HideSolutionNode = FALSE
	EndGlobalSection
	GlobalSection(ExtensibilityGlobals) = postSolution
		SolutionGuid = {35E57E4A-67CA-47A8-9F22-A00D309763BB}
	EndGlobalSection
EndGlobal
